# This file is automatically @generated by Cargo.
# It is not intended for manual editing.
version = 3

[[package]]
name = "config"
version = "0.1.0"

[[package]]
name = "controller"
version = "0.1.0"
dependencies = [
 "config",
 "logger",
 "model",
 "view",
]

[[package]]
name = "logger"
version = "0.1.0"

[[package]]
name = "model"
version = "0.1.0"
dependencies = [
 "logger",
]

[[package]]
name = "view"
version = "0.1.0"
dependencies = [
 "config",
 "logger",
]
